
Microsoft Visual Studio Solution File, Format Version 12.00
# Visual Studio Version 16
VisualStudioVersion = 16.6.30114.105
MinimumVisualStudioVersion = 10.0.40219.1
Project("{FAE04EC0-301F-11D3-BF4B-00C04F79EFBC}") = "Cleaner.Api", "Cleaner.Api\Cleaner.Api.csproj", "{6AAF6B8B-79B6-4C34-8E1A-0B217A028B0C}"
EndProject
Project("{FAE04EC0-301F-11D3-BF4B-00C04F79EFBC}") = "Cleaner.Application", "Cleaner.Application\Cleaner.Application.csproj", "{2879B740-7B3B-4E90-A946-4F6BA0DD28B6}"
EndProject
Project("{FAE04EC0-301F-11D3-BF4B-00C04F79EFBC}") = "Cleaner.Application.Tests", "Cleaner.Application.Tests\Cleaner.Application.Tests.csproj", "{0082B8F6-BFCD-4DB0-88D2-521C12FDE52D}"
EndProject
Project("{FAE04EC0-301F-11D3-BF4B-00C04F79EFBC}") = "Cleaner.Domain", "Cleaner.Domain\Cleaner.Domain.csproj", "{5D962BB7-CDD3-4FCF-B893-C0032756E28A}"
EndProject
Project("{FAE04EC0-301F-11D3-BF4B-00C04F79EFBC}") = "Cleaner.Domain.Tests", "Cleaner.Domain.Tests\Cleaner.Domain.Tests.csproj", "{C6482DF2-50CA-4DA3-9CB8-8143838C8415}"
EndProject
Project("{FAE04EC0-301F-11D3-BF4B-00C04F79EFBC}") = "Cleaner.Infra", "Cleaner.Infra\Cleaner.Infra.csproj", "{0E26BF83-6119-4263-B7A3-CF3D1631A588}"
EndProject
Project("{2150E333-8FDC-42A3-9474-1A3956D46DE8}") = "01 - Domain", "01 - Domain", "{75E4E671-22EF-4F66-890F-F6C2C0979A04}"
EndProject
Project("{2150E333-8FDC-42A3-9474-1A3956D46DE8}") = "02 - Application", "02 - Application", "{1067EB9B-B394-48E5-AED8-651041555974}"
EndProject
Project("{2150E333-8FDC-42A3-9474-1A3956D46DE8}") = "03 - Infra", "03 - Infra", "{74CC0449-5F2F-4ACA-9CE6-BEE4672FDD17}"
EndProject
Project("{2150E333-8FDC-42A3-9474-1A3956D46DE8}") = "04 - UI", "04 - UI", "{09A1ABF9-AD9D-454C-B9E5-07218C592C58}"
EndProject
Global
	GlobalSection(SolutionConfigurationPlatforms) = preSolution
		Debug|Any CPU = Debug|Any CPU
		Debug|x64 = Debug|x64
		Debug|x86 = Debug|x86
		Release|Any CPU = Release|Any CPU
		Release|x64 = Release|x64
		Release|x86 = Release|x86
	EndGlobalSection
	GlobalSection(SolutionProperties) = preSolution
		HideSolutionNode = FALSE
	EndGlobalSection
	GlobalSection(ProjectConfigurationPlatforms) = postSolution
		{6AAF6B8B-79B6-4C34-8E1A-0B217A028B0C}.Debug|Any CPU.ActiveCfg = Debug|Any CPU
		{6AAF6B8B-79B6-4C34-8E1A-0B217A028B0C}.Debug|Any CPU.Build.0 = Debug|Any CPU
		{6AAF6B8B-79B6-4C34-8E1A-0B217A028B0C}.Debug|x64.ActiveCfg = Debug|Any CPU
		{6AAF6B8B-79B6-4C34-8E1A-0B217A028B0C}.Debug|x64.Build.0 = Debug|Any CPU
		{6AAF6B8B-79B6-4C34-8E1A-0B217A028B0C}.Debug|x86.ActiveCfg = Debug|Any CPU
		{6AAF6B8B-79B6-4C34-8E1A-0B217A028B0C}.Debug|x86.Build.0 = Debug|Any CPU
		{6AAF6B8B-79B6-4C34-8E1A-0B217A028B0C}.Release|Any CPU.ActiveCfg = Release|Any CPU
		{6AAF6B8B-79B6-4C34-8E1A-0B217A028B0C}.Release|Any CPU.Build.0 = Release|Any CPU
		{6AAF6B8B-79B6-4C34-8E1A-0B217A028B0C}.Release|x64.ActiveCfg = Release|Any CPU
		{6AAF6B8B-79B6-4C34-8E1A-0B217A028B0C}.Release|x64.Build.0 = Release|Any CPU
		{6AAF6B8B-79B6-4C34-8E1A-0B217A028B0C}.Release|x86.ActiveCfg = Release|Any CPU
		{6AAF6B8B-79B6-4C34-8E1A-0B217A028B0C}.Release|x86.Build.0 = Release|Any CPU
		{2879B740-7B3B-4E90-A946-4F6BA0DD28B6}.Debug|Any CPU.ActiveCfg = Debug|Any CPU
		{2879B740-7B3B-4E90-A946-4F6BA0DD28B6}.Debug|Any CPU.Build.0 = Debug|Any CPU
		{2879B740-7B3B-4E90-A946-4F6BA0DD28B6}.Debug|x64.ActiveCfg = Debug|Any CPU
		{2879B740-7B3B-4E90-A946-4F6BA0DD28B6}.Debug|x64.Build.0 = Debug|Any CPU
		{2879B740-7B3B-4E90-A946-4F6BA0DD28B6}.Debug|x86.ActiveCfg = Debug|Any CPU
		{2879B740-7B3B-4E90-A946-4F6BA0DD28B6}.Debug|x86.Build.0 = Debug|Any CPU
		{2879B740-7B3B-4E90-A946-4F6BA0DD28B6}.Release|Any CPU.ActiveCfg = Release|Any CPU
		{2879B740-7B3B-4E90-A946-4F6BA0DD28B6}.Release|Any CPU.Build.0 = Release|Any CPU
		{2879B740-7B3B-4E90-A946-4F6BA0DD28B6}.Release|x64.ActiveCfg = Release|Any CPU
		{2879B740-7B3B-4E90-A946-4F6BA0DD28B6}.Release|x64.Build.0 = Release|Any CPU
		{2879B740-7B3B-4E90-A946-4F6BA0DD28B6}.Release|x86.ActiveCfg = Release|Any CPU
		{2879B740-7B3B-4E90-A946-4F6BA0DD28B6}.Release|x86.Build.0 = Release|Any CPU
		{0082B8F6-BFCD-4DB0-88D2-521C12FDE52D}.Debug|Any CPU.ActiveCfg = Debug|Any CPU
		{0082B8F6-BFCD-4DB0-88D2-521C12FDE52D}.Debug|Any CPU.Build.0 = Debug|Any CPU
		{0082B8F6-BFCD-4DB0-88D2-521C12FDE52D}.Debug|x64.ActiveCfg = Debug|Any CPU
		{0082B8F6-BFCD-4DB0-88D2-521C12FDE52D}.Debug|x64.Build.0 = Debug|Any CPU
		{0082B8F6-BFCD-4DB0-88D2-521C12FDE52D}.Debug|x86.ActiveCfg = Debug|Any CPU
		{0082B8F6-BFCD-4DB0-88D2-521C12FDE52D}.Debug|x86.Build.0 = Debug|Any CPU
		{0082B8F6-BFCD-4DB0-88D2-521C12FDE52D}.Release|Any CPU.ActiveCfg = Release|Any CPU
		{0082B8F6-BFCD-4DB0-88D2-521C12FDE52D}.Release|Any CPU.Build.0 = Release|Any CPU
		{0082B8F6-BFCD-4DB0-88D2-521C12FDE52D}.Release|x64.ActiveCfg = Release|Any CPU
		{0082B8F6-BFCD-4DB0-88D2-521C12FDE52D}.Release|x64.Build.0 = Release|Any CPU
		{0082B8F6-BFCD-4DB0-88D2-521C12FDE52D}.Release|x86.ActiveCfg = Release|Any CPU
		{0082B8F6-BFCD-4DB0-88D2-521C12FDE52D}.Release|x86.Build.0 = Release|Any CPU
		{5D962BB7-CDD3-4FCF-B893-C0032756E28A}.Debug|Any CPU.ActiveCfg = Debug|Any CPU
		{5D962BB7-CDD3-4FCF-B893-C0032756E28A}.Debug|Any CPU.Build.0 = Debug|Any CPU
		{5D962BB7-CDD3-4FCF-B893-C0032756E28A}.Debug|x64.ActiveCfg = Debug|Any CPU
		{5D962BB7-CDD3-4FCF-B893-C0032756E28A}.Debug|x64.Build.0 = Debug|Any CPU
		{5D962BB7-CDD3-4FCF-B893-C0032756E28A}.Debug|x86.ActiveCfg = Debug|Any CPU
		{5D962BB7-CDD3-4FCF-B893-C0032756E28A}.Debug|x86.Build.0 = Debug|Any CPU
		{5D962BB7-CDD3-4FCF-B893-C0032756E28A}.Release|Any CPU.ActiveCfg = Release|Any CPU
		{5D962BB7-CDD3-4FCF-B893-C0032756E28A}.Release|Any CPU.Build.0 = Release|Any CPU
		{5D962BB7-CDD3-4FCF-B893-C0032756E28A}.Release|x64.ActiveCfg = Release|Any CPU
		{5D962BB7-CDD3-4FCF-B893-C0032756E28A}.Release|x64.Build.0 = Release|Any CPU
		{5D962BB7-CDD3-4FCF-B893-C0032756E28A}.Release|x86.ActiveCfg = Release|Any CPU
		{5D962BB7-CDD3-4FCF-B893-C0032756E28A}.Release|x86.Build.0 = Release|Any CPU
		{C6482DF2-50CA-4DA3-9CB8-8143838C8415}.Debug|Any CPU.ActiveCfg = Debug|Any CPU
		{C6482DF2-50CA-4DA3-9CB8-8143838C8415}.Debug|Any CPU.Build.0 = Debug|Any CPU
		{C6482DF2-50CA-4DA3-9CB8-8143838C8415}.Debug|x64.ActiveCfg = Debug|Any CPU
		{C6482DF2-50CA-4DA3-9CB8-8143838C8415}.Debug|x64.Build.0 = Debug|Any CPU
		{C6482DF2-50CA-4DA3-9CB8-8143838C8415}.Debug|x86.ActiveCfg = Debug|Any CPU
		{C6482DF2-50CA-4DA3-9CB8-8143838C8415}.Debug|x86.Build.0 = Debug|Any CPU
		{C6482DF2-50CA-4DA3-9CB8-8143838C8415}.Release|Any CPU.ActiveCfg = Release|Any CPU
		{C6482DF2-50CA-4DA3-9CB8-8143838C8415}.Release|Any CPU.Build.0 = Release|Any CPU
		{C6482DF2-50CA-4DA3-9CB8-8143838C8415}.Release|x64.ActiveCfg = Release|Any CPU
		{C6482DF2-50CA-4DA3-9CB8-8143838C8415}.Release|x64.Build.0 = Release|Any CPU
		{C6482DF2-50CA-4DA3-9CB8-8143838C8415}.Release|x86.ActiveCfg = Release|Any CPU
		{C6482DF2-50CA-4DA3-9CB8-8143838C8415}.Release|x86.Build.0 = Release|Any CPU
		{0E26BF83-6119-4263-B7A3-CF3D1631A588}.Debug|Any CPU.ActiveCfg = Debug|Any CPU
		{0E26BF83-6119-4263-B7A3-CF3D1631A588}.Debug|Any CPU.Build.0 = Debug|Any CPU
		{0E26BF83-6119-4263-B7A3-CF3D1631A588}.Debug|x64.ActiveCfg = Debug|Any CPU
		{0E26BF83-6119-4263-B7A3-CF3D1631A588}.Debug|x64.Build.0 = Debug|Any CPU
		{0E26BF83-6119-4263-B7A3-CF3D1631A588}.Debug|x86.ActiveCfg = Debug|Any CPU
		{0E26BF83-6119-4263-B7A3-CF3D1631A588}.Debug|x86.Build.0 = Debug|Any CPU
		{0E26BF83-6119-4263-B7A3-CF3D1631A588}.Release|Any CPU.ActiveCfg = Release|Any CPU
		{0E26BF83-6119-4263-B7A3-CF3D1631A588}.Release|Any CPU.Build.0 = Release|Any CPU
		{0E26BF83-6119-4263-B7A3-CF3D1631A588}.Release|x64.ActiveCfg = Release|Any CPU
		{0E26BF83-6119-4263-B7A3-CF3D1631A588}.Release|x64.Build.0 = Release|Any CPU
		{0E26BF83-6119-4263-B7A3-CF3D1631A588}.Release|x86.ActiveCfg = Release|Any CPU
		{0E26BF83-6119-4263-B7A3-CF3D1631A588}.Release|x86.Build.0 = Release|Any CPU
	EndGlobalSection
	GlobalSection(NestedProjects) = preSolution
		{5D962BB7-CDD3-4FCF-B893-C0032756E28A} = {75E4E671-22EF-4F66-890F-F6C2C0979A04}
		{C6482DF2-50CA-4DA3-9CB8-8143838C8415} = {75E4E671-22EF-4F66-890F-F6C2C0979A04}
		{2879B740-7B3B-4E90-A946-4F6BA0DD28B6} = {1067EB9B-B394-48E5-AED8-651041555974}
		{0082B8F6-BFCD-4DB0-88D2-521C12FDE52D} = {1067EB9B-B394-48E5-AED8-651041555974}
		{0E26BF83-6119-4263-B7A3-CF3D1631A588} = {74CC0449-5F2F-4ACA-9CE6-BEE4672FDD17}
		{6AAF6B8B-79B6-4C34-8E1A-0B217A028B0C} = {09A1ABF9-AD9D-454C-B9E5-07218C592C58}
	EndGlobalSection
EndGlobal
